// !$*UTF8*$!
{
	archiveVersion = 1;
	classes = {
	};
	objectVersion = 51;
	objects = {

/* Begin PBXBuildFile section */
		7F87D2362F5C2396803232F0 /* Pods_Sample_SampleUITests.framework in Frameworks */ = {isa = PBXBuildFile; fileRef = B6E840DF27E5CA34936AE5AF /* Pods_Sample_SampleUITests.framework */; };
		B720B217BAB0A4271A7818A2 /* Pods_Sample.framework in Frameworks */ = {isa = PBXBuildFile; fileRef = 9CB41297DAFE1626E90FF70B /* Pods_Sample.framework */; };
		C5F9EF8B256795D5005EA18A /* AppDelegate.swift in Sources */ = {isa = PBXBuildFile; fileRef = C5F9EF8A256795D5005EA18A /* AppDelegate.swift */; };
		C5F9EF8D256795D5005EA18A /* SceneDelegate.swift in Sources */ = {isa = PBXBuildFile; fileRef = C5F9EF8C256795D5005EA18A /* SceneDelegate.swift */; };
		C5F9EF94256795D6005EA18A /* Assets.xcassets in Resources */ = {isa = PBXBuildFile; fileRef = C5F9EF93256795D6005EA18A /* Assets.xcassets */; };
		C5F9EF97256795D6005EA18A /* LaunchScreen.storyboard in Resources */ = {isa = PBXBuildFile; fileRef = C5F9EF95256795D6005EA18A /* LaunchScreen.storyboard */; };
		C5F9EFA2256795D7005EA18A /* SampleTests.swift in Sources */ = {isa = PBXBuildFile; fileRef = C5F9EFA1256795D7005EA18A /* SampleTests.swift */; };
		C5F9EFAD256795D7005EA18A /* SampleUITests.swift in Sources */ = {isa = PBXBuildFile; fileRef = C5F9EFAC256795D7005EA18A /* SampleUITests.swift */; };
		C5F9EFC12567971F005EA18A /* ProfileViewController.swift in Sources */ = {isa = PBXBuildFile; fileRef = C5F9EFC02567971F005EA18A /* ProfileViewController.swift */; };
		C5F9EFE625679D87005EA18A /* HTTPClientProtocol.swift in Sources */ = {isa = PBXBuildFile; fileRef = C5F9EFE525679D87005EA18A /* HTTPClientProtocol.swift */; };
		C5F9EFEB25679D94005EA18A /* HTTPClient.swift in Sources */ = {isa = PBXBuildFile; fileRef = C5F9EFEA25679D94005EA18A /* HTTPClient.swift */; };
		C5F9EFF125679DC8005EA18A /* HTTPError.swift in Sources */ = {isa = PBXBuildFile; fileRef = C5F9EFF025679DC7005EA18A /* HTTPError.swift */; };
		C5F9EFF625679E29005EA18A /* HTTPScheme.swift in Sources */ = {isa = PBXBuildFile; fileRef = C5F9EFF525679E29005EA18A /* HTTPScheme.swift */; };
		C5F9EFFB25679E3C005EA18A /* HTTPMethod.swift in Sources */ = {isa = PBXBuildFile; fileRef = C5F9EFFA25679E3C005EA18A /* HTTPMethod.swift */; };
		C5F9F00025679E5D005EA18A /* HTTPStatusCode.swift in Sources */ = {isa = PBXBuildFile; fileRef = C5F9EFFF25679E5D005EA18A /* HTTPStatusCode.swift */; };
		C5F9F00625679EB1005EA18A /* EndpointProtocol.swift in Sources */ = {isa = PBXBuildFile; fileRef = C5F9F00525679EB1005EA18A /* EndpointProtocol.swift */; };
		C5F9F00C25679EEA005EA18A /* URL+Utils.swift in Sources */ = {isa = PBXBuildFile; fileRef = C5F9F00B25679EEA005EA18A /* URL+Utils.swift */; };
		C5F9F01425679F2E005EA18A /* Parameters+Utils.swift in Sources */ = {isa = PBXBuildFile; fileRef = C5F9F01325679F2E005EA18A /* Parameters+Utils.swift */; };
		C5F9F01925679FAE005EA18A /* Endpoint.swift in Sources */ = {isa = PBXBuildFile; fileRef = C5F9F01825679FAE005EA18A /* Endpoint.swift */; };
		C5F9F01F2567A06F005EA18A /* MyGithubServiceProtocol.swift in Sources */ = {isa = PBXBuildFile; fileRef = C5F9F01E2567A06F005EA18A /* MyGithubServiceProtocol.swift */; };
		C5F9F02D2567A19B005EA18A /* MyGithubDTO.swift in Sources */ = {isa = PBXBuildFile; fileRef = C5F9F02C2567A19B005EA18A /* MyGithubDTO.swift */; };
		C5F9F0322567A247005EA18A /* MyGithubService.swift in Sources */ = {isa = PBXBuildFile; fileRef = C5F9F0312567A247005EA18A /* MyGithubService.swift */; };
		C5F9F0432567A47D005EA18A /* ProfileView.swift in Sources */ = {isa = PBXBuildFile; fileRef = C5F9F0422567A47D005EA18A /* ProfileView.swift */; };
		C5F9F05525681160005EA18A /* ViewCode.swift in Sources */ = {isa = PBXBuildFile; fileRef = C5F9F05425681160005EA18A /* ViewCode.swift */; };
		C5F9F05A256828A9005EA18A /* Constants.swift in Sources */ = {isa = PBXBuildFile; fileRef = C5F9F059256828A9005EA18A /* Constants.swift */; };
		C5F9F0642569CA51005EA18A /* ProfileViewModel.swift in Sources */ = {isa = PBXBuildFile; fileRef = C5F9F0632569CA51005EA18A /* ProfileViewModel.swift */; };
		C5F9F07F2569D3A4005EA18A /* ProfileViewModelProtocol.swift in Sources */ = {isa = PBXBuildFile; fileRef = C5F9F07E2569D3A4005EA18A /* ProfileViewModelProtocol.swift */; };
		EF36C0DD5E45F275F9165ED9 /* Pods_SampleTests.framework in Frameworks */ = {isa = PBXBuildFile; fileRef = DEFD3FF1AFC446D5854E016E /* Pods_SampleTests.framework */; };
/* End PBXBuildFile section */

/* Begin PBXContainerItemProxy section */
		C5F9EF9E256795D7005EA18A /* PBXContainerItemProxy */ = {
			isa = PBXContainerItemProxy;
			containerPortal = C5F9EF7F256795D5005EA18A /* Project object */;
			proxyType = 1;
			remoteGlobalIDString = C5F9EF86256795D5005EA18A;
			remoteInfo = Sample;
		};
		C5F9EFA9256795D7005EA18A /* PBXContainerItemProxy */ = {
			isa = PBXContainerItemProxy;
			containerPortal = C5F9EF7F256795D5005EA18A /* Project object */;
			proxyType = 1;
			remoteGlobalIDString = C5F9EF86256795D5005EA18A;
			remoteInfo = Sample;
		};
/* End PBXContainerItemProxy section */

/* Begin PBXFileReference section */
		0DEE601F5C3CB37E0AADE2EC /* Pods-SampleTests.release.xcconfig */ = {isa = PBXFileReference; includeInIndex = 1; lastKnownFileType = text.xcconfig; name = "Pods-SampleTests.release.xcconfig"; path = "Target Support Files/Pods-SampleTests/Pods-SampleTests.release.xcconfig"; sourceTree = "<group>"; };
		798B1713D2F3E4AD6412DC5D /* Pods-Sample.debug.xcconfig */ = {isa = PBXFileReference; includeInIndex = 1; lastKnownFileType = text.xcconfig; name = "Pods-Sample.debug.xcconfig"; path = "Target Support Files/Pods-Sample/Pods-Sample.debug.xcconfig"; sourceTree = "<group>"; };
		7FAC828DA9310262CAB1F104 /* Pods-SampleTests.debug.xcconfig */ = {isa = PBXFileReference; includeInIndex = 1; lastKnownFileType = text.xcconfig; name = "Pods-SampleTests.debug.xcconfig"; path = "Target Support Files/Pods-SampleTests/Pods-SampleTests.debug.xcconfig"; sourceTree = "<group>"; };
		894518C6121BFBB9D3C3B5E8 /* Pods-Sample-SampleUITests.debug.xcconfig */ = {isa = PBXFileReference; includeInIndex = 1; lastKnownFileType = text.xcconfig; name = "Pods-Sample-SampleUITests.debug.xcconfig"; path = "Target Support Files/Pods-Sample-SampleUITests/Pods-Sample-SampleUITests.debug.xcconfig"; sourceTree = "<group>"; };
		9CB41297DAFE1626E90FF70B /* Pods_Sample.framework */ = {isa = PBXFileReference; explicitFileType = wrapper.framework; includeInIndex = 0; path = Pods_Sample.framework; sourceTree = BUILT_PRODUCTS_DIR; };
		B6E840DF27E5CA34936AE5AF /* Pods_Sample_SampleUITests.framework */ = {isa = PBXFileReference; explicitFileType = wrapper.framework; includeInIndex = 0; path = Pods_Sample_SampleUITests.framework; sourceTree = BUILT_PRODUCTS_DIR; };
		C5F9EF87256795D5005EA18A /* Sample.app */ = {isa = PBXFileReference; explicitFileType = wrapper.application; includeInIndex = 0; path = Sample.app; sourceTree = BUILT_PRODUCTS_DIR; };
		C5F9EF8A256795D5005EA18A /* AppDelegate.swift */ = {isa = PBXFileReference; lastKnownFileType = sourcecode.swift; path = AppDelegate.swift; sourceTree = "<group>"; };
		C5F9EF8C256795D5005EA18A /* SceneDelegate.swift */ = {isa = PBXFileReference; lastKnownFileType = sourcecode.swift; path = SceneDelegate.swift; sourceTree = "<group>"; };
		C5F9EF93256795D6005EA18A /* Assets.xcassets */ = {isa = PBXFileReference; lastKnownFileType = folder.assetcatalog; path = Assets.xcassets; sourceTree = "<group>"; };
		C5F9EF96256795D6005EA18A /* Base */ = {isa = PBXFileReference; lastKnownFileType = file.storyboard; name = Base; path = Base.lproj/LaunchScreen.storyboard; sourceTree = "<group>"; };
		C5F9EF98256795D6005EA18A /* Info.plist */ = {isa = PBXFileReference; lastKnownFileType = text.plist.xml; path = Info.plist; sourceTree = "<group>"; };
		C5F9EF9D256795D7005EA18A /* SampleTests.xctest */ = {isa = PBXFileReference; explicitFileType = wrapper.cfbundle; includeInIndex = 0; path = SampleTests.xctest; sourceTree = BUILT_PRODUCTS_DIR; };
		C5F9EFA1256795D7005EA18A /* SampleTests.swift */ = {isa = PBXFileReference; lastKnownFileType = sourcecode.swift; path = SampleTests.swift; sourceTree = "<group>"; };
		C5F9EFA3256795D7005EA18A /* Info.plist */ = {isa = PBXFileReference; lastKnownFileType = text.plist.xml; path = Info.plist; sourceTree = "<group>"; };
		C5F9EFA8256795D7005EA18A /* SampleUITests.xctest */ = {isa = PBXFileReference; explicitFileType = wrapper.cfbundle; includeInIndex = 0; path = SampleUITests.xctest; sourceTree = BUILT_PRODUCTS_DIR; };
		C5F9EFAC256795D7005EA18A /* SampleUITests.swift */ = {isa = PBXFileReference; lastKnownFileType = sourcecode.swift; path = SampleUITests.swift; sourceTree = "<group>"; };
		C5F9EFAE256795D7005EA18A /* Info.plist */ = {isa = PBXFileReference; lastKnownFileType = text.plist.xml; path = Info.plist; sourceTree = "<group>"; };
		C5F9EFC02567971F005EA18A /* ProfileViewController.swift */ = {isa = PBXFileReference; lastKnownFileType = sourcecode.swift; path = ProfileViewController.swift; sourceTree = "<group>"; };
		C5F9EFE525679D87005EA18A /* HTTPClientProtocol.swift */ = {isa = PBXFileReference; lastKnownFileType = sourcecode.swift; path = HTTPClientProtocol.swift; sourceTree = "<group>"; };
		C5F9EFEA25679D94005EA18A /* HTTPClient.swift */ = {isa = PBXFileReference; lastKnownFileType = sourcecode.swift; path = HTTPClient.swift; sourceTree = "<group>"; };
		C5F9EFF025679DC7005EA18A /* HTTPError.swift */ = {isa = PBXFileReference; lastKnownFileType = sourcecode.swift; path = HTTPError.swift; sourceTree = "<group>"; };
		C5F9EFF525679E29005EA18A /* HTTPScheme.swift */ = {isa = PBXFileReference; lastKnownFileType = sourcecode.swift; path = HTTPScheme.swift; sourceTree = "<group>"; };
		C5F9EFFA25679E3C005EA18A /* HTTPMethod.swift */ = {isa = PBXFileReference; lastKnownFileType = sourcecode.swift; path = HTTPMethod.swift; sourceTree = "<group>"; };
		C5F9EFFF25679E5D005EA18A /* HTTPStatusCode.swift */ = {isa = PBXFileReference; lastKnownFileType = sourcecode.swift; path = HTTPStatusCode.swift; sourceTree = "<group>"; };
		C5F9F00525679EB1005EA18A /* EndpointProtocol.swift */ = {isa = PBXFileReference; lastKnownFileType = sourcecode.swift; path = EndpointProtocol.swift; sourceTree = "<group>"; };
		C5F9F00B25679EEA005EA18A /* URL+Utils.swift */ = {isa = PBXFileReference; lastKnownFileType = sourcecode.swift; path = "URL+Utils.swift"; sourceTree = "<group>"; };
		C5F9F01325679F2E005EA18A /* Parameters+Utils.swift */ = {isa = PBXFileReference; lastKnownFileType = sourcecode.swift; path = "Parameters+Utils.swift"; sourceTree = "<group>"; };
		C5F9F01825679FAE005EA18A /* Endpoint.swift */ = {isa = PBXFileReference; lastKnownFileType = sourcecode.swift; path = Endpoint.swift; sourceTree = "<group>"; };
		C5F9F01E2567A06F005EA18A /* MyGithubServiceProtocol.swift */ = {isa = PBXFileReference; lastKnownFileType = sourcecode.swift; path = MyGithubServiceProtocol.swift; sourceTree = "<group>"; };
		C5F9F02C2567A19B005EA18A /* MyGithubDTO.swift */ = {isa = PBXFileReference; lastKnownFileType = sourcecode.swift; path = MyGithubDTO.swift; sourceTree = "<group>"; };
		C5F9F0312567A247005EA18A /* MyGithubService.swift */ = {isa = PBXFileReference; lastKnownFileType = sourcecode.swift; path = MyGithubService.swift; sourceTree = "<group>"; };
		C5F9F0422567A47D005EA18A /* ProfileView.swift */ = {isa = PBXFileReference; lastKnownFileType = sourcecode.swift; path = ProfileView.swift; sourceTree = "<group>"; };
		C5F9F05425681160005EA18A /* ViewCode.swift */ = {isa = PBXFileReference; lastKnownFileType = sourcecode.swift; path = ViewCode.swift; sourceTree = "<group>"; };
		C5F9F059256828A9005EA18A /* Constants.swift */ = {isa = PBXFileReference; lastKnownFileType = sourcecode.swift; path = Constants.swift; sourceTree = "<group>"; };
		C5F9F0632569CA51005EA18A /* ProfileViewModel.swift */ = {isa = PBXFileReference; lastKnownFileType = sourcecode.swift; path = ProfileViewModel.swift; sourceTree = "<group>"; };
		C5F9F07E2569D3A4005EA18A /* ProfileViewModelProtocol.swift */ = {isa = PBXFileReference; lastKnownFileType = sourcecode.swift; path = ProfileViewModelProtocol.swift; sourceTree = "<group>"; };
		DEFD3FF1AFC446D5854E016E /* Pods_SampleTests.framework */ = {isa = PBXFileReference; explicitFileType = wrapper.framework; includeInIndex = 0; path = Pods_SampleTests.framework; sourceTree = BUILT_PRODUCTS_DIR; };
		F3CE2C5C2BBD6D2BEABBA81F /* Pods-Sample-SampleUITests.release.xcconfig */ = {isa = PBXFileReference; includeInIndex = 1; lastKnownFileType = text.xcconfig; name = "Pods-Sample-SampleUITests.release.xcconfig"; path = "Target Support Files/Pods-Sample-SampleUITests/Pods-Sample-SampleUITests.release.xcconfig"; sourceTree = "<group>"; };
		F6C9E6FA391DB5DD9C7BAD72 /* Pods-Sample.release.xcconfig */ = {isa = PBXFileReference; includeInIndex = 1; lastKnownFileType = text.xcconfig; name = "Pods-Sample.release.xcconfig"; path = "Target Support Files/Pods-Sample/Pods-Sample.release.xcconfig"; sourceTree = "<group>"; };
/* End PBXFileReference section */

/* Begin PBXFrameworksBuildPhase section */
		C5F9EF84256795D5005EA18A /* Frameworks */ = {
			isa = PBXFrameworksBuildPhase;
			buildActionMask = 2147483647;
			files = (
				B720B217BAB0A4271A7818A2 /* Pods_Sample.framework in Frameworks */,
			);
			runOnlyForDeploymentPostprocessing = 0;
		};
		C5F9EF9A256795D7005EA18A /* Frameworks */ = {
			isa = PBXFrameworksBuildPhase;
			buildActionMask = 2147483647;
			files = (
				EF36C0DD5E45F275F9165ED9 /* Pods_SampleTests.framework in Frameworks */,
			);
			runOnlyForDeploymentPostprocessing = 0;
		};
		C5F9EFA5256795D7005EA18A /* Frameworks */ = {
			isa = PBXFrameworksBuildPhase;
			buildActionMask = 2147483647;
			files = (
				7F87D2362F5C2396803232F0 /* Pods_Sample_SampleUITests.framework in Frameworks */,
			);
			runOnlyForDeploymentPostprocessing = 0;
		};
/* End PBXFrameworksBuildPhase section */

/* Begin PBXGroup section */
		072B1EE8E00A0F109FC236C6 /* Frameworks */ = {
			isa = PBXGroup;
			children = (
				9CB41297DAFE1626E90FF70B /* Pods_Sample.framework */,
				B6E840DF27E5CA34936AE5AF /* Pods_Sample_SampleUITests.framework */,
				DEFD3FF1AFC446D5854E016E /* Pods_SampleTests.framework */,
			);
			name = Frameworks;
			sourceTree = "<group>";
		};
		713F4C5389F939FC72727D89 /* Pods */ = {
			isa = PBXGroup;
			children = (
				798B1713D2F3E4AD6412DC5D /* Pods-Sample.debug.xcconfig */,
				F6C9E6FA391DB5DD9C7BAD72 /* Pods-Sample.release.xcconfig */,
				894518C6121BFBB9D3C3B5E8 /* Pods-Sample-SampleUITests.debug.xcconfig */,
				F3CE2C5C2BBD6D2BEABBA81F /* Pods-Sample-SampleUITests.release.xcconfig */,
				7FAC828DA9310262CAB1F104 /* Pods-SampleTests.debug.xcconfig */,
				0DEE601F5C3CB37E0AADE2EC /* Pods-SampleTests.release.xcconfig */,
			);
			path = Pods;
			sourceTree = "<group>";
		};
		C5F9EF7E256795D5005EA18A = {
			isa = PBXGroup;
			children = (
				C5F9EF89256795D5005EA18A /* Sample */,
				C5F9EFA0256795D7005EA18A /* SampleTests */,
				C5F9EFAB256795D7005EA18A /* SampleUITests */,
				C5F9EF88256795D5005EA18A /* Products */,
				713F4C5389F939FC72727D89 /* Pods */,
				072B1EE8E00A0F109FC236C6 /* Frameworks */,
			);
			sourceTree = "<group>";
		};
		C5F9EF88256795D5005EA18A /* Products */ = {
			isa = PBXGroup;
			children = (
				C5F9EF87256795D5005EA18A /* Sample.app */,
				C5F9EF9D256795D7005EA18A /* SampleTests.xctest */,
				C5F9EFA8256795D7005EA18A /* SampleUITests.xctest */,
			);
			name = Products;
			sourceTree = "<group>";
		};
		C5F9EF89256795D5005EA18A /* Sample */ = {
			isa = PBXGroup;
			children = (
				C5F9EFC52567996F005EA18A /* Application */,
				C5F9F053256810D9005EA18A /* Common */,
				C5F9F0362567A44C005EA18A /* View */,
				C5F9F0622569CA2D005EA18A /* ViewModel */,
				C5F9F0232567A165005EA18A /* Model */,
				C5F9EFE325679C88005EA18A /* Network */,
				C5F9EFCD2567998C005EA18A /* Controller */,
				C5F9EFCC25679983005EA18A /* SupportingFiles */,
			);
			path = Sample;
			sourceTree = "<group>";
		};
		C5F9EFA0256795D7005EA18A /* SampleTests */ = {
			isa = PBXGroup;
			children = (
				C5F9EFA1256795D7005EA18A /* SampleTests.swift */,
				C5F9EFA3256795D7005EA18A /* Info.plist */,
			);
			path = SampleTests;
			sourceTree = "<group>";
		};
		C5F9EFAB256795D7005EA18A /* SampleUITests */ = {
			isa = PBXGroup;
			children = (
				C5F9EFAC256795D7005EA18A /* SampleUITests.swift */,
				C5F9EFAE256795D7005EA18A /* Info.plist */,
			);
			path = SampleUITests;
			sourceTree = "<group>";
		};
		C5F9EFC52567996F005EA18A /* Application */ = {
			isa = PBXGroup;
			children = (
				C5F9EF8A256795D5005EA18A /* AppDelegate.swift */,
				C5F9EF8C256795D5005EA18A /* SceneDelegate.swift */,
			);
			path = Application;
			sourceTree = "<group>";
		};
		C5F9EFCC25679983005EA18A /* SupportingFiles */ = {
			isa = PBXGroup;
			children = (
				C5F9EF93256795D6005EA18A /* Assets.xcassets */,
				C5F9EF95256795D6005EA18A /* LaunchScreen.storyboard */,
				C5F9EF98256795D6005EA18A /* Info.plist */,
			);
			path = SupportingFiles;
			sourceTree = "<group>";
		};
		C5F9EFCD2567998C005EA18A /* Controller */ = {
			isa = PBXGroup;
			children = (
				C5F9EFC02567971F005EA18A /* ProfileViewController.swift */,
			);
			path = Controller;
			sourceTree = "<group>";
		};
		C5F9EFE325679C88005EA18A /* Network */ = {
			isa = PBXGroup;
			children = (
				C5F9F01D2567A05D005EA18A /* Service */,
				C5F9F00A25679ED4005EA18A /* Extensions */,
				C5F9F00425679E8B005EA18A /* Endpoint */,
				C5F9EFEF25679DBC005EA18A /* WebService */,
				C5F9EFE425679D76005EA18A /* Client */,
			);
			path = Network;
			sourceTree = "<group>";
		};
		C5F9EFE425679D76005EA18A /* Client */ = {
			isa = PBXGroup;
			children = (
				C5F9EFE525679D87005EA18A /* HTTPClientProtocol.swift */,
				C5F9EFEA25679D94005EA18A /* HTTPClient.swift */,
			);
			path = Client;
			sourceTree = "<group>";
		};
		C5F9EFEF25679DBC005EA18A /* WebService */ = {
			isa = PBXGroup;
			children = (
				C5F9EFF025679DC7005EA18A /* HTTPError.swift */,
				C5F9EFF525679E29005EA18A /* HTTPScheme.swift */,
				C5F9EFFA25679E3C005EA18A /* HTTPMethod.swift */,
				C5F9EFFF25679E5D005EA18A /* HTTPStatusCode.swift */,
			);
			path = WebService;
			sourceTree = "<group>";
		};
		C5F9F00425679E8B005EA18A /* Endpoint */ = {
			isa = PBXGroup;
			children = (
				C5F9F00525679EB1005EA18A /* EndpointProtocol.swift */,
				C5F9F01825679FAE005EA18A /* Endpoint.swift */,
			);
			path = Endpoint;
			sourceTree = "<group>";
		};
		C5F9F00A25679ED4005EA18A /* Extensions */ = {
			isa = PBXGroup;
			children = (
				C5F9F00B25679EEA005EA18A /* URL+Utils.swift */,
				C5F9F01325679F2E005EA18A /* Parameters+Utils.swift */,
			);
			path = Extensions;
			sourceTree = "<group>";
		};
		C5F9F01D2567A05D005EA18A /* Service */ = {
			isa = PBXGroup;
			children = (
				C5F9F01E2567A06F005EA18A /* MyGithubServiceProtocol.swift */,
				C5F9F0312567A247005EA18A /* MyGithubService.swift */,
			);
			path = Service;
			sourceTree = "<group>";
		};
		C5F9F0232567A165005EA18A /* Model */ = {
			isa = PBXGroup;
			children = (
				C5F9F02C2567A19B005EA18A /* MyGithubDTO.swift */,
			);
			path = Model;
			sourceTree = "<group>";
		};
		C5F9F0362567A44C005EA18A /* View */ = {
			isa = PBXGroup;
			children = (
				C5F9F0422567A47D005EA18A /* ProfileView.swift */,
			);
			path = View;
			sourceTree = "<group>";
		};
		C5F9F053256810D9005EA18A /* Common */ = {
			isa = PBXGroup;
			children = (
				C5F9F05425681160005EA18A /* ViewCode.swift */,
				C5F9F059256828A9005EA18A /* Constants.swift */,
			);
			path = Common;
			sourceTree = "<group>";
		};
		C5F9F0622569CA2D005EA18A /* ViewModel */ = {
			isa = PBXGroup;
			children = (
				C5F9F07D2569D375005EA18A /* Protocol */,
				C5F9F0632569CA51005EA18A /* ProfileViewModel.swift */,
			);
			path = ViewModel;
			sourceTree = "<group>";
		};
		C5F9F07D2569D375005EA18A /* Protocol */ = {
			isa = PBXGroup;
			children = (
				C5F9F07E2569D3A4005EA18A /* ProfileViewModelProtocol.swift */,
			);
			path = Protocol;
			sourceTree = "<group>";
		};
/* End PBXGroup section */

/* Begin PBXNativeTarget section */
		C5F9EF86256795D5005EA18A /* Sample */ = {
			isa = PBXNativeTarget;
			buildConfigurationList = C5F9EFB1256795D7005EA18A /* Build configuration list for PBXNativeTarget "Sample" */;
			buildPhases = (
				FB0454BAB796BBF6649D7A18 /* [CP] Check Pods Manifest.lock */,
				C5F9EF83256795D5005EA18A /* Sources */,
				C5F9EF84256795D5005EA18A /* Frameworks */,
				C5F9EF85256795D5005EA18A /* Resources */,
				39D494134E4A515BFD7D746C /* [CP] Embed Pods Frameworks */,
				C5F9EFDF25679B5F005EA18A /* SwiftLint */,
			);
			buildRules = (
			);
			dependencies = (
			);
			name = Sample;
			productName = Sample;
			productReference = C5F9EF87256795D5005EA18A /* Sample.app */;
			productType = "com.apple.product-type.application";
		};
		C5F9EF9C256795D7005EA18A /* SampleTests */ = {
			isa = PBXNativeTarget;
			buildConfigurationList = C5F9EFB4256795D7005EA18A /* Build configuration list for PBXNativeTarget "SampleTests" */;
			buildPhases = (
				18FC57ADD2A15D792941D7F8 /* [CP] Check Pods Manifest.lock */,
				C5F9EF99256795D7005EA18A /* Sources */,
				C5F9EF9A256795D7005EA18A /* Frameworks */,
				C5F9EF9B256795D7005EA18A /* Resources */,
			);
			buildRules = (
			);
			dependencies = (
				C5F9EF9F256795D7005EA18A /* PBXTargetDependency */,
			);
			name = SampleTests;
			productName = SampleTests;
			productReference = C5F9EF9D256795D7005EA18A /* SampleTests.xctest */;
			productType = "com.apple.product-type.bundle.unit-test";
		};
		C5F9EFA7256795D7005EA18A /* SampleUITests */ = {
			isa = PBXNativeTarget;
			buildConfigurationList = C5F9EFB7256795D7005EA18A /* Build configuration list for PBXNativeTarget "SampleUITests" */;
			buildPhases = (
				5DE9C94343646B59FBB855C0 /* [CP] Check Pods Manifest.lock */,
				C5F9EFA4256795D7005EA18A /* Sources */,
				C5F9EFA5256795D7005EA18A /* Frameworks */,
				C5F9EFA6256795D7005EA18A /* Resources */,
				0FB294D3B1FDD42A6CA7DBD7 /* [CP] Embed Pods Frameworks */,
			);
			buildRules = (
			);
			dependencies = (
				C5F9EFAA256795D7005EA18A /* PBXTargetDependency */,
			);
			name = SampleUITests;
			productName = SampleUITests;
			productReference = C5F9EFA8256795D7005EA18A /* SampleUITests.xctest */;
			productType = "com.apple.product-type.bundle.ui-testing";
		};
/* End PBXNativeTarget section */

/* Begin PBXProject section */
		C5F9EF7F256795D5005EA18A /* Project object */ = {
			isa = PBXProject;
			attributes = {
				LastSwiftUpdateCheck = 1220;
				LastUpgradeCheck = 1220;
				TargetAttributes = {
					C5F9EF86256795D5005EA18A = {
						CreatedOnToolsVersion = 12.2;
					};
					C5F9EF9C256795D7005EA18A = {
						CreatedOnToolsVersion = 12.2;
						TestTargetID = C5F9EF86256795D5005EA18A;
					};
					C5F9EFA7256795D7005EA18A = {
						CreatedOnToolsVersion = 12.2;
						TestTargetID = C5F9EF86256795D5005EA18A;
					};
				};
			};
			buildConfigurationList = C5F9EF82256795D5005EA18A /* Build configuration list for PBXProject "Sample" */;
			compatibilityVersion = "Xcode 9.3";
			developmentRegion = en;
			hasScannedForEncodings = 0;
			knownRegions = (
				en,
				Base,
			);
			mainGroup = C5F9EF7E256795D5005EA18A;
			productRefGroup = C5F9EF88256795D5005EA18A /* Products */;
			projectDirPath = "";
			projectRoot = "";
			targets = (
				C5F9EF86256795D5005EA18A /* Sample */,
				C5F9EF9C256795D7005EA18A /* SampleTests */,
				C5F9EFA7256795D7005EA18A /* SampleUITests */,
			);
		};
/* End PBXProject section */

/* Begin PBXResourcesBuildPhase section */
		C5F9EF85256795D5005EA18A /* Resources */ = {
			isa = PBXResourcesBuildPhase;
			buildActionMask = 2147483647;
			files = (
				C5F9EF97256795D6005EA18A /* LaunchScreen.storyboard in Resources */,
				C5F9EF94256795D6005EA18A /* Assets.xcassets in Resources */,
			);
			runOnlyForDeploymentPostprocessing = 0;
		};
		C5F9EF9B256795D7005EA18A /* Resources */ = {
			isa = PBXResourcesBuildPhase;
			buildActionMask = 2147483647;
			files = (
			);
			runOnlyForDeploymentPostprocessing = 0;
		};
		C5F9EFA6256795D7005EA18A /* Resources */ = {
			isa = PBXResourcesBuildPhase;
			buildActionMask = 2147483647;
			files = (
			);
			runOnlyForDeploymentPostprocessing = 0;
		};
/* End PBXResourcesBuildPhase section */

/* Begin PBXShellScriptBuildPhase section */
		0FB294D3B1FDD42A6CA7DBD7 /* [CP] Embed Pods Frameworks */ = {
			isa = PBXShellScriptBuildPhase;
			buildActionMask = 2147483647;
			files = (
			);
			inputFileListPaths = (
				"${PODS_ROOT}/Target Support Files/Pods-Sample-SampleUITests/Pods-Sample-SampleUITests-frameworks-${CONFIGURATION}-input-files.xcfilelist",
			);
			name = "[CP] Embed Pods Frameworks";
			outputFileListPaths = (
				"${PODS_ROOT}/Target Support Files/Pods-Sample-SampleUITests/Pods-Sample-SampleUITests-frameworks-${CONFIGURATION}-output-files.xcfilelist",
			);
			runOnlyForDeploymentPostprocessing = 0;
			shellPath = /bin/sh;
			shellScript = "\"${PODS_ROOT}/Target Support Files/Pods-Sample-SampleUITests/Pods-Sample-SampleUITests-frameworks.sh\"\n";
			showEnvVarsInLog = 0;
		};
		18FC57ADD2A15D792941D7F8 /* [CP] Check Pods Manifest.lock */ = {
			isa = PBXShellScriptBuildPhase;
			buildActionMask = 2147483647;
			files = (
			);
			inputFileListPaths = (
			);
			inputPaths = (
				"${PODS_PODFILE_DIR_PATH}/Podfile.lock",
				"${PODS_ROOT}/Manifest.lock",
			);
			name = "[CP] Check Pods Manifest.lock";
			outputFileListPaths = (
			);
			outputPaths = (
				"$(DERIVED_FILE_DIR)/Pods-SampleTests-checkManifestLockResult.txt",
			);
			runOnlyForDeploymentPostprocessing = 0;
			shellPath = /bin/sh;
			shellScript = "diff \"${PODS_PODFILE_DIR_PATH}/Podfile.lock\" \"${PODS_ROOT}/Manifest.lock\" > /dev/null\nif [ $? != 0 ] ; then\n    # print error to STDERR\n    echo \"error: The sandbox is not in sync with the Podfile.lock. Run 'pod install' or update your CocoaPods installation.\" >&2\n    exit 1\nfi\n# This output is used by Xcode 'outputs' to avoid re-running this script phase.\necho \"SUCCESS\" > \"${SCRIPT_OUTPUT_FILE_0}\"\n";
			showEnvVarsInLog = 0;
		};
		39D494134E4A515BFD7D746C /* [CP] Embed Pods Frameworks */ = {
			isa = PBXShellScriptBuildPhase;
			buildActionMask = 2147483647;
			files = (
			);
			inputFileListPaths = (
				"${PODS_ROOT}/Target Support Files/Pods-Sample/Pods-Sample-frameworks-${CONFIGURATION}-input-files.xcfilelist",
			);
			name = "[CP] Embed Pods Frameworks";
			outputFileListPaths = (
				"${PODS_ROOT}/Target Support Files/Pods-Sample/Pods-Sample-frameworks-${CONFIGURATION}-output-files.xcfilelist",
			);
			runOnlyForDeploymentPostprocessing = 0;
			shellPath = /bin/sh;
			shellScript = "\"${PODS_ROOT}/Target Support Files/Pods-Sample/Pods-Sample-frameworks.sh\"\n";
			showEnvVarsInLog = 0;
		};
		5DE9C94343646B59FBB855C0 /* [CP] Check Pods Manifest.lock */ = {
			isa = PBXShellScriptBuildPhase;
			buildActionMask = 2147483647;
			files = (
			);
			inputFileListPaths = (
			);
			inputPaths = (
				"${PODS_PODFILE_DIR_PATH}/Podfile.lock",
				"${PODS_ROOT}/Manifest.lock",
			);
			name = "[CP] Check Pods Manifest.lock";
			outputFileListPaths = (
			);
			outputPaths = (
				"$(DERIVED_FILE_DIR)/Pods-Sample-SampleUITests-checkManifestLockResult.txt",
			);
			runOnlyForDeploymentPostprocessing = 0;
			shellPath = /bin/sh;
			shellScript = "diff \"${PODS_PODFILE_DIR_PATH}/Podfile.lock\" \"${PODS_ROOT}/Manifest.lock\" > /dev/null\nif [ $? != 0 ] ; then\n    # print error to STDERR\n    echo \"error: The sandbox is not in sync with the Podfile.lock. Run 'pod install' or update your CocoaPods installation.\" >&2\n    exit 1\nfi\n# This output is used by Xcode 'outputs' to avoid re-running this script phase.\necho \"SUCCESS\" > \"${SCRIPT_OUTPUT_FILE_0}\"\n";
			showEnvVarsInLog = 0;
		};
		C5F9EFDF25679B5F005EA18A /* SwiftLint */ = {
			isa = PBXShellScriptBuildPhase;
			buildActionMask = 2147483647;
			files = (
			);
			inputFileListPaths = (
			);
			inputPaths = (
			);
			name = SwiftLint;
			outputFileListPaths = (
			);
			outputPaths = (
			);
			runOnlyForDeploymentPostprocessing = 0;
			shellPath = /bin/sh;
			shellScript = "\"${PODS_ROOT}/SwiftLint/swiftlint\"\n";
		};
		FB0454BAB796BBF6649D7A18 /* [CP] Check Pods Manifest.lock */ = {
			isa = PBXShellScriptBuildPhase;
			buildActionMask = 2147483647;
			files = (
			);
			inputFileListPaths = (
			);
			inputPaths = (
				"${PODS_PODFILE_DIR_PATH}/Podfile.lock",
				"${PODS_ROOT}/Manifest.lock",
			);
			name = "[CP] Check Pods Manifest.lock";
			outputFileListPaths = (
			);
			outputPaths = (
				"$(DERIVED_FILE_DIR)/Pods-Sample-checkManifestLockResult.txt",
			);
			runOnlyForDeploymentPostprocessing = 0;
			shellPath = /bin/sh;
			shellScript = "diff \"${PODS_PODFILE_DIR_PATH}/Podfile.lock\" \"${PODS_ROOT}/Manifest.lock\" > /dev/null\nif [ $? != 0 ] ; then\n    # print error to STDERR\n    echo \"error: The sandbox is not in sync with the Podfile.lock. Run 'pod install' or update your CocoaPods installation.\" >&2\n    exit 1\nfi\n# This output is used by Xcode 'outputs' to avoid re-running this script phase.\necho \"SUCCESS\" > \"${SCRIPT_OUTPUT_FILE_0}\"\n";
			showEnvVarsInLog = 0;
		};
/* End PBXShellScriptBuildPhase section */

/* Begin PBXSourcesBuildPhase section */
		C5F9EF83256795D5005EA18A /* Sources */ = {
			isa = PBXSourcesBuildPhase;
			buildActionMask = 2147483647;
			files = (
				C5F9EFE625679D87005EA18A /* HTTPClientProtocol.swift in Sources */,
				C5F9F05A256828A9005EA18A /* Constants.swift in Sources */,
				C5F9EFEB25679D94005EA18A /* HTTPClient.swift in Sources */,
				C5F9F00625679EB1005EA18A /* EndpointProtocol.swift in Sources */,
				C5F9F01925679FAE005EA18A /* Endpoint.swift in Sources */,
				C5F9EFC12567971F005EA18A /* ProfileViewController.swift in Sources */,
				C5F9F02D2567A19B005EA18A /* MyGithubDTO.swift in Sources */,
				C5F9EFF625679E29005EA18A /* HTTPScheme.swift in Sources */,
				C5F9F01425679F2E005EA18A /* Parameters+Utils.swift in Sources */,
				C5F9EFFB25679E3C005EA18A /* HTTPMethod.swift in Sources */,
				C5F9F0432567A47D005EA18A /* ProfileView.swift in Sources */,
				C5F9EF8B256795D5005EA18A /* AppDelegate.swift in Sources */,
				C5F9F05525681160005EA18A /* ViewCode.swift in Sources */,
				C5F9F0322567A247005EA18A /* MyGithubService.swift in Sources */,
				C5F9F0642569CA51005EA18A /* ProfileViewModel.swift in Sources */,
				C5F9F00025679E5D005EA18A /* HTTPStatusCode.swift in Sources */,
				C5F9EFF125679DC8005EA18A /* HTTPError.swift in Sources */,
				C5F9F07F2569D3A4005EA18A /* ProfileViewModelProtocol.swift in Sources */,
				C5F9EF8D256795D5005EA18A /* SceneDelegate.swift in Sources */,
				C5F9F01F2567A06F005EA18A /* MyGithubServiceProtocol.swift in Sources */,
				C5F9F00C25679EEA005EA18A /* URL+Utils.swift in Sources */,
			);
			runOnlyForDeploymentPostprocessing = 0;
		};
		C5F9EF99256795D7005EA18A /* Sources */ = {
			isa = PBXSourcesBuildPhase;
			buildActionMask = 2147483647;
			files = (
				C5F9EFA2256795D7005EA18A /* SampleTests.swift in Sources */,
			);
			runOnlyForDeploymentPostprocessing = 0;
		};
		C5F9EFA4256795D7005EA18A /* Sources */ = {
			isa = PBXSourcesBuildPhase;
			buildActionMask = 2147483647;
			files = (
				C5F9EFAD256795D7005EA18A /* SampleUITests.swift in Sources */,
			);
			runOnlyForDeploymentPostprocessing = 0;
		};
/* End PBXSourcesBuildPhase section */

/* Begin PBXTargetDependency section */
		C5F9EF9F256795D7005EA18A /* PBXTargetDependency */ = {
			isa = PBXTargetDependency;
			target = C5F9EF86256795D5005EA18A /* Sample */;
			targetProxy = C5F9EF9E256795D7005EA18A /* PBXContainerItemProxy */;
		};
		C5F9EFAA256795D7005EA18A /* PBXTargetDependency */ = {
			isa = PBXTargetDependency;
			target = C5F9EF86256795D5005EA18A /* Sample */;
			targetProxy = C5F9EFA9256795D7005EA18A /* PBXContainerItemProxy */;
		};
/* End PBXTargetDependency section */

/* Begin PBXVariantGroup section */
		C5F9EF95256795D6005EA18A /* LaunchScreen.storyboard */ = {
			isa = PBXVariantGroup;
			children = (
				C5F9EF96256795D6005EA18A /* Base */,
			);
			name = LaunchScreen.storyboard;
			sourceTree = "<group>";
		};
/* End PBXVariantGroup section */

/* Begin XCBuildConfiguration section */
		C5F9EFAF256795D7005EA18A /* Debug */ = {
			isa = XCBuildConfiguration;
			buildSettings = {
				ALWAYS_SEARCH_USER_PATHS = NO;
				CLANG_ANALYZER_NONNULL = YES;
				CLANG_ANALYZER_NUMBER_OBJECT_CONVERSION = YES_AGGRESSIVE;
				CLANG_CXX_LANGUAGE_STANDARD = "gnu++14";
				CLANG_CXX_LIBRARY = "libc++";
				CLANG_ENABLE_MODULES = YES;
				CLANG_ENABLE_OBJC_ARC = YES;
				CLANG_ENABLE_OBJC_WEAK = YES;
				CLANG_WARN_BLOCK_CAPTURE_AUTORELEASING = YES;
				CLANG_WARN_BOOL_CONVERSION = YES;
				CLANG_WARN_COMMA = YES;
				CLANG_WARN_CONSTANT_CONVERSION = YES;
				CLANG_WARN_DEPRECATED_OBJC_IMPLEMENTATIONS = YES;
				CLANG_WARN_DIRECT_OBJC_ISA_USAGE = YES_ERROR;
				CLANG_WARN_DOCUMENTATION_COMMENTS = YES;
				CLANG_WARN_EMPTY_BODY = YES;
				CLANG_WARN_ENUM_CONVERSION = YES;
				CLANG_WARN_INFINITE_RECURSION = YES;
				CLANG_WARN_INT_CONVERSION = YES;
				CLANG_WARN_NON_LITERAL_NULL_CONVERSION = YES;
				CLANG_WARN_OBJC_IMPLICIT_RETAIN_SELF = YES;
				CLANG_WARN_OBJC_LITERAL_CONVERSION = YES;
				CLANG_WARN_OBJC_ROOT_CLASS = YES_ERROR;
				CLANG_WARN_QUOTED_INCLUDE_IN_FRAMEWORK_HEADER = YES;
				CLANG_WARN_RANGE_LOOP_ANALYSIS = YES;
				CLANG_WARN_STRICT_PROTOTYPES = YES;
				CLANG_WARN_SUSPICIOUS_MOVE = YES;
				CLANG_WARN_UNGUARDED_AVAILABILITY = YES_AGGRESSIVE;
				CLANG_WARN_UNREACHABLE_CODE = YES;
				CLANG_WARN__DUPLICATE_METHOD_MATCH = YES;
				COPY_PHASE_STRIP = NO;
				DEBUG_INFORMATION_FORMAT = dwarf;
				ENABLE_STRICT_OBJC_MSGSEND = YES;
				ENABLE_TESTABILITY = YES;
				GCC_C_LANGUAGE_STANDARD = gnu11;
				GCC_DYNAMIC_NO_PIC = NO;
				GCC_NO_COMMON_BLOCKS = YES;
				GCC_OPTIMIZATION_LEVEL = 0;
				GCC_PREPROCESSOR_DEFINITIONS = (
					"DEBUG=1",
					"$(inherited)",
				);
				GCC_WARN_64_TO_32_BIT_CONVERSION = YES;
				GCC_WARN_ABOUT_RETURN_TYPE = YES_ERROR;
				GCC_WARN_UNDECLARED_SELECTOR = YES;
				GCC_WARN_UNINITIALIZED_AUTOS = YES_AGGRESSIVE;
				GCC_WARN_UNUSED_FUNCTION = YES;
				GCC_WARN_UNUSED_VARIABLE = YES;
				IPHONEOS_DEPLOYMENT_TARGET = 14.2;
				MTL_ENABLE_DEBUG_INFO = INCLUDE_SOURCE;
				MTL_FAST_MATH = YES;
				ONLY_ACTIVE_ARCH = YES;
				SDKROOT = iphoneos;
				SWIFT_ACTIVE_COMPILATION_CONDITIONS = DEBUG;
				SWIFT_OPTIMIZATION_LEVEL = "-Onone";
			};
			name = Debug;
		};
		C5F9EFB0256795D7005EA18A /* Release */ = {
			isa = XCBuildConfiguration;
			buildSettings = {
				ALWAYS_SEARCH_USER_PATHS = NO;
				CLANG_ANALYZER_NONNULL = YES;
				CLANG_ANALYZER_NUMBER_OBJECT_CONVERSION = YES_AGGRESSIVE;
				CLANG_CXX_LANGUAGE_STANDARD = "gnu++14";
				CLANG_CXX_LIBRARY = "libc++";
				CLANG_ENABLE_MODULES = YES;
				CLANG_ENABLE_OBJC_ARC = YES;
				CLANG_ENABLE_OBJC_WEAK = YES;
				CLANG_WARN_BLOCK_CAPTURE_AUTORELEASING = YES;
				CLANG_WARN_BOOL_CONVERSION = YES;
				CLANG_WARN_COMMA = YES;
				CLANG_WARN_CONSTANT_CONVERSION = YES;
				CLANG_WARN_DEPRECATED_OBJC_IMPLEMENTATIONS = YES;
				CLANG_WARN_DIRECT_OBJC_ISA_USAGE = YES_ERROR;
				CLANG_WARN_DOCUMENTATION_COMMENTS = YES;
				CLANG_WARN_EMPTY_BODY = YES;
				CLANG_WARN_ENUM_CONVERSION = YES;
				CLANG_WARN_INFINITE_RECURSION = YES;
				CLANG_WARN_INT_CONVERSION = YES;
				CLANG_WARN_NON_LITERAL_NULL_CONVERSION = YES;
				CLANG_WARN_OBJC_IMPLICIT_RETAIN_SELF = YES;
				CLANG_WARN_OBJC_LITERAL_CONVERSION = YES;
				CLANG_WARN_OBJC_ROOT_CLASS = YES_ERROR;
				CLANG_WARN_QUOTED_INCLUDE_IN_FRAMEWORK_HEADER = YES;
				CLANG_WARN_RANGE_LOOP_ANALYSIS = YES;
				CLANG_WARN_STRICT_PROTOTYPES = YES;
				CLANG_WARN_SUSPICIOUS_MOVE = YES;
				CLANG_WARN_UNGUARDED_AVAILABILITY = YES_AGGRESSIVE;
				CLANG_WARN_UNREACHABLE_CODE = YES;
				CLANG_WARN__DUPLICATE_METHOD_MATCH = YES;
				COPY_PHASE_STRIP = NO;
				DEBUG_INFORMATION_FORMAT = "dwarf-with-dsym";
				ENABLE_NS_ASSERTIONS = NO;
				ENABLE_STRICT_OBJC_MSGSEND = YES;
				GCC_C_LANGUAGE_STANDARD = gnu11;
				GCC_NO_COMMON_BLOCKS = YES;
				GCC_WARN_64_TO_32_BIT_CONVERSION = YES;
				GCC_WARN_ABOUT_RETURN_TYPE = YES_ERROR;
				GCC_WARN_UNDECLARED_SELECTOR = YES;
				GCC_WARN_UNINITIALIZED_AUTOS = YES_AGGRESSIVE;
				GCC_WARN_UNUSED_FUNCTION = YES;
				GCC_WARN_UNUSED_VARIABLE = YES;
				IPHONEOS_DEPLOYMENT_TARGET = 14.2;
				MTL_ENABLE_DEBUG_INFO = NO;
				MTL_FAST_MATH = YES;
				SDKROOT = iphoneos;
				SWIFT_COMPILATION_MODE = wholemodule;
				SWIFT_OPTIMIZATION_LEVEL = "-O";
				VALIDATE_PRODUCT = YES;
			};
			name = Release;
		};
		C5F9EFB2256795D7005EA18A /* Debug */ = {
			isa = XCBuildConfiguration;
			baseConfigurationReference = 798B1713D2F3E4AD6412DC5D /* Pods-Sample.debug.xcconfig */;
			buildSettings = {
				ASSETCATALOG_COMPILER_APPICON_NAME = AppIcon;
				ASSETCATALOG_COMPILER_GLOBAL_ACCENT_COLOR_NAME = AccentColor;
				CODE_SIGN_STYLE = Automatic;
				INFOPLIST_FILE = "$(SRCROOT)/Sample/SupportingFiles/Info.plist";
				LD_RUNPATH_SEARCH_PATHS = (
					"$(inherited)",
					"@executable_path/Frameworks",
				);
				PRODUCT_BUNDLE_IDENTIFIER = com.joaolfp.Sample;
				PRODUCT_NAME = "$(TARGET_NAME)";
				SWIFT_VERSION = 5.0;
				TARGETED_DEVICE_FAMILY = 1;
			};
			name = Debug;
		};
		C5F9EFB3256795D7005EA18A /* Release */ = {
			isa = XCBuildConfiguration;
			baseConfigurationReference = F6C9E6FA391DB5DD9C7BAD72 /* Pods-Sample.release.xcconfig */;
			buildSettings = {
				ASSETCATALOG_COMPILER_APPICON_NAME = AppIcon;
				ASSETCATALOG_COMPILER_GLOBAL_ACCENT_COLOR_NAME = AccentColor;
				CODE_SIGN_STYLE = Automatic;
				INFOPLIST_FILE = "$(SRCROOT)/Sample/SupportingFiles/Info.plist";
				LD_RUNPATH_SEARCH_PATHS = (
					"$(inherited)",
					"@executable_path/Frameworks",
				);
				PRODUCT_BUNDLE_IDENTIFIER = com.joaolfp.Sample;
				PRODUCT_NAME = "$(TARGET_NAME)";
				SWIFT_VERSION = 5.0;
				TARGETED_DEVICE_FAMILY = 1;
			};
			name = Release;
		};
		C5F9EFB5256795D7005EA18A /* Debug */ = {
			isa = XCBuildConfiguration;
			baseConfigurationReference = 7FAC828DA9310262CAB1F104 /* Pods-SampleTests.debug.xcconfig */;
			buildSettings = {
				ALWAYS_EMBED_SWIFT_STANDARD_LIBRARIES = YES;
				BUNDLE_LOADER = "$(TEST_HOST)";
				CODE_SIGN_STYLE = Automatic;
				INFOPLIST_FILE = SampleTests/Info.plist;
				IPHONEOS_DEPLOYMENT_TARGET = 14.2;
				LD_RUNPATH_SEARCH_PATHS = (
					"$(inherited)",
					"@executable_path/Frameworks",
					"@loader_path/Frameworks",
				);
				PRODUCT_BUNDLE_IDENTIFIER = com.joaolfp.SampleTests;
				PRODUCT_NAME = "$(TARGET_NAME)";
				SWIFT_VERSION = 5.0;
				TARGETED_DEVICE_FAMILY = "1,2";
				TEST_HOST = "$(BUILT_PRODUCTS_DIR)/Sample.app/Sample";
			};
			name = Debug;
		};
		C5F9EFB6256795D7005EA18A /* Release */ = {
			isa = XCBuildConfiguration;
			baseConfigurationReference = 0DEE601F5C3CB37E0AADE2EC /* Pods-SampleTests.release.xcconfig */;
			buildSettings = {
				ALWAYS_EMBED_SWIFT_STANDARD_LIBRARIES = YES;
				BUNDLE_LOADER = "$(TEST_HOST)";
				CODE_SIGN_STYLE = Automatic;
				INFOPLIST_FILE = SampleTests/Info.plist;
				IPHONEOS_DEPLOYMENT_TARGET = 14.2;
				LD_RUNPATH_SEARCH_PATHS = (
					"$(inherited)",
					"@executable_path/Frameworks",
					"@loader_path/Frameworks",
				);
				PRODUCT_BUNDLE_IDENTIFIER = com.joaolfp.SampleTests;
				PRODUCT_NAME = "$(TARGET_NAME)";
				SWIFT_VERSION = 5.0;
				TARGETED_DEVICE_FAMILY = "1,2";
				TEST_HOST = "$(BUILT_PRODUCTS_DIR)/Sample.app/Sample";
			};
			name = Release;
		};
		C5F9EFB8256795D7005EA18A /* Debug */ = {
			isa = XCBuildConfiguration;
			baseConfigurationReference = 894518C6121BFBB9D3C3B5E8 /* Pods-Sample-SampleUITests.debug.xcconfig */;
			buildSettings = {
				ALWAYS_EMBED_SWIFT_STANDARD_LIBRARIES = YES;
				CODE_SIGN_STYLE = Automatic;
				INFOPLIST_FILE = SampleUITests/Info.plist;
				LD_RUNPATH_SEARCH_PATHS = (
					"$(inherited)",
					"@executable_path/Frameworks",
					"@loader_path/Frameworks",
				);
				PRODUCT_BUNDLE_IDENTIFIER = com.joaolfp.SampleUITests;
				PRODUCT_NAME = "$(TARGET_NAME)";
				SWIFT_VERSION = 5.0;
				TARGETED_DEVICE_FAMILY = "1,2";
				TEST_TARGET_NAME = Sample;
			};
			name = Debug;
		};
		C5F9EFB9256795D7005EA18A /* Release */ = {
			isa = XCBuildConfiguration;
			baseConfigurationReference = F3CE2C5C2BBD6D2BEABBA81F /* Pods-Sample-SampleUITests.release.xcconfig */;
			buildSettings = {
				ALWAYS_EMBED_SWIFT_STANDARD_LIBRARIES = YES;
				CODE_SIGN_STYLE = Automatic;
				INFOPLIST_FILE = SampleUITests/Info.plist;
				LD_RUNPATH_SEARCH_PATHS = (
					"$(inherited)",
					"@executable_path/Frameworks",
					"@loader_path/Frameworks",
				);
				PRODUCT_BUNDLE_IDENTIFIER = com.joaolfp.SampleUITests;
				PRODUCT_NAME = "$(TARGET_NAME)";
				SWIFT_VERSION = 5.0;
				TARGETED_DEVICE_FAMILY = "1,2";
				TEST_TARGET_NAME = Sample;
			};
			name = Release;
		};
/* End XCBuildConfiguration section */

/* Begin XCConfigurationList section */
		C5F9EF82256795D5005EA18A /* Build configuration list for PBXProject "Sample" */ = {
			isa = XCConfigurationList;
			buildConfigurations = (
				C5F9EFAF256795D7005EA18A /* Debug */,
				C5F9EFB0256795D7005EA18A /* Release */,
			);
			defaultConfigurationIsVisible = 0;
			defaultConfigurationName = Release;
		};
		C5F9EFB1256795D7005EA18A /* Build configuration list for PBXNativeTarget "Sample" */ = {
			isa = XCConfigurationList;
			buildConfigurations = (
				C5F9EFB2256795D7005EA18A /* Debug */,
				C5F9EFB3256795D7005EA18A /* Release */,
			);
			defaultConfigurationIsVisible = 0;
			defaultConfigurationName = Release;
		};
		C5F9EFB4256795D7005EA18A /* Build configuration list for PBXNativeTarget "SampleTests" */ = {
			isa = XCConfigurationList;
			buildConfigurations = (
				C5F9EFB5256795D7005EA18A /* Debug */,
				C5F9EFB6256795D7005EA18A /* Release */,
			);
			defaultConfigurationIsVisible = 0;
			defaultConfigurationName = Release;
		};
		C5F9EFB7256795D7005EA18A /* Build configuration list for PBXNativeTarget "SampleUITests" */ = {
			isa = XCConfigurationList;
			buildConfigurations = (
				C5F9EFB8256795D7005EA18A /* Debug */,
				C5F9EFB9256795D7005EA18A /* Release */,
			);
			defaultConfigurationIsVisible = 0;
			defaultConfigurationName = Release;
		};
/* End XCConfigurationList section */
	};
	rootObject = C5F9EF7F256795D5005EA18A /* Project object */;
}
