PODS:
  - Kingfisher (6.1.0)
  - SwiftLint (0.42.0)
  - Swinject (2.7.1)
  - ViewStateKit (1.0.3)

DEPENDENCIES:
  - Kingfisher
  - SwiftLint
  - Swinject
  - ViewStateKit

SPEC REPOS:
  trunk:
    - Kingfisher
    - SwiftLint
    - Swinject
    - ViewStateKit

SPEC CHECKSUMS:
  Kingfisher: f5d8d60a0ef3edd642fd781bae60918599901aff
  SwiftLint: 4fa9579c63416865179bc416f0a92d55f009600d
  Swinject: ddf78b8486dd9b71a667b852cad919ab4484478e
  ViewStateKit: 75f6c9c3062ab1f1c655a2ac6790d746def12734

PODFILE CHECKSUM: bdd9228cca250a92c6dde38bd927e1f8e4ea80dc

COCOAPODS: 1.10.0
