PODS:
  - SwiftLint (0.40.3)
  - ViewStateKit (1.0.3)

DEPENDENCIES:
  - SwiftLint
  - ViewStateKit

SPEC REPOS:
  trunk:
    - SwiftLint
    - ViewStateKit

SPEC CHECKSUMS:
  SwiftLint: dfd554ff0dff17288ee574814ccdd5cea85d76f7
  ViewStateKit: 75f6c9c3062ab1f1c655a2ac6790d746def12734

PODFILE CHECKSUM: 5c46527d48f74babd6b10849aee45da9cc0f6582

COCOAPODS: 1.10.0
